hash: da992daa87a9d45776802625463c892809d812a3e77e58b53b651e2651f8cca1
updated: 2018-11-17T15:16:36.099328954+01:00
imports:
- name: github.com/AlecAivazis/survey
  version: fb519f89e19299d852ffdd9b734af122d2dcbd30
- name: github.com/golang/freetype
  version: e2365dfdc4a05e4b8299a783240d4a7d5a65d4e4
  subpackages:
  - raster
  - truetype
- name: github.com/kballard/go-shellquote
  version: 95032a82bc518f77982ea72343cc1ade730072f0
- name: github.com/lucasb-eyer/go-colorful
  version: 345fbb3dbcdb252d9985ee899a84963c0fa24c82
- name: github.com/mattn/go-colorable
  version: efa589957cd060542a26d2dd7832fd6a6c6c3ade
- name: github.com/mattn/go-isatty
  version: 3fb116b820352b7f0c281308a4d6250c22d94e27
- name: github.com/mgutz/ansi
  version: 9520e82c474b0a04dd04f8a40959027271bab992
- name: github.com/muesli/clusters
  version: a07a36e67d36635392ec89f47d0e0c9da99b7dbf
- name: github.com/muesli/gamut
  version: 79507eb4867ccd96aa8cd59c167830493029baf2
- name: github.com/muesli/kmeans
  version: e36119fa8e4ee2e7347fddbfeec21957a3eccd90
- name: github.com/wcharczuk/go-chart
  version: 3cb33d48d32d580a77d3712f2db2be1388a00cac
  subpackages:
  - drawing
  - matrix
  - roboto
  - seq
  - util
- name: github.com/xrash/smetrics
  version: a3153f7040e90324c58c6287535e26a0ac5c1cc1
- name: golang.org/x/image
  version: cd38e8056d9b27bb2f265effa37fb0ea6b8a7f0f
  subpackages:
  - draw
  - font
  - math/f64
  - math/fixed
- name: golang.org/x/sys
  version: 93218def8b18e66adbdab3eca8ec334700329f1f
  subpackages:
  - unix
- name: gopkg.in/AlecAivazis/survey.v1
  version: fb519f89e19299d852ffdd9b734af122d2dcbd30
  subpackages:
  - core
  - terminal
testImports: []
