# This file is autogenerated, do not edit; changes may be undone by the next 'dep ensure'.


[[projects]]
  branch = "master"
  digest = "1:62c57507df491b657e9ae2645f30958d9964c8eeb380600469eedc951ebb3a0e"
  name = "github.com/golang/freetype"
  packages = [
    "raster",
    "truetype",
  ]
  pruneopts = "UT"
  revision = "e2365dfdc4a05e4b8299a783240d4a7d5a65d4e4"

[[projects]]
  branch = "master"
  digest = "1:400e113a367b511b9b09ca642ee11d9885485a93838526d697033af334a2fdde"
  name = "github.com/kballard/go-shellquote"
  packages = ["."]
  pruneopts = "UT"
  revision = "95032a82bc518f77982ea72343cc1ade730072f0"

[[projects]]
  digest = "1:c65a16ac77d0b1aefc7009cabb6ac5ad05def02025f5be85f450c03f52cc6f86"
  name = "github.com/lucasb-eyer/go-colorful"
  packages = ["."]
  pruneopts = "UT"
  revision = "345fbb3dbcdb252d9985ee899a84963c0fa24c82"
  version = "v1.0"

[[projects]]
  branch = "master"
  digest = "1:0f96ec4151a24d7bfd4298fc13cc320a000e31b4e5431cf88e3ffc961db846fd"
  name = "github.com/mattn/go-colorable"
  packages = ["."]
  pruneopts = "UT"
  revision = "efa589957cd060542a26d2dd7832fd6a6c6c3ade"

[[projects]]
  digest = "1:0981502f9816113c9c8c4ac301583841855c8cf4da8c72f696b3ebedf6d0e4e5"
  name = "github.com/mattn/go-isatty"
  packages = ["."]
  pruneopts = "UT"
  revision = "6ca4dbf54d38eea1a992b3c722a76a5d1c4cb25c"
  version = "v0.0.4"

[[projects]]
  branch = "master"
  digest = "1:2b32af4d2a529083275afc192d1067d8126b578c7a9613b26600e4df9c735155"
  name = "github.com/mgutz/ansi"
  packages = ["."]
  pruneopts = "UT"
  revision = "9520e82c474b0a04dd04f8a40959027271bab992"

[[projects]]
  branch = "master"
  digest = "1:39b36f898cc0c7cec682e86ccf717488d4663aa60aa39a018572e22554323c0a"
  name = "github.com/muesli/clusters"
  packages = ["."]
  pruneopts = "UT"
  revision = "a07a36e67d36635392ec89f47d0e0c9da99b7dbf"

[[projects]]
  branch = "master"
  digest = "1:0ff0f0ddf331faa4dfe4142f20d4bf811e29aef2041cf3fc4e77b9c418f6ace8"
  name = "github.com/muesli/gamut"
  packages = ["."]
  pruneopts = "UT"
  revision = "79507eb4867ccd96aa8cd59c167830493029baf2"

[[projects]]
  branch = "master"
  digest = "1:f5c8d3627b68058ec5b019d1d85f53c3ddc98770978fa3e9970472ea74fe1551"
  name = "github.com/muesli/kmeans"
  packages = ["."]
  pruneopts = "UT"
  revision = "e36119fa8e4ee2e7347fddbfeec21957a3eccd90"

[[projects]]
  branch = "master"
  digest = "1:3169431d57b1fe306c2ef3a26ee4bae0d236e62c614fdc59964dc7bb3989cd46"
  name = "github.com/wcharczuk/go-chart"
  packages = [
    ".",
    "drawing",
    "matrix",
    "roboto",
    "seq",
    "util",
  ]
  pruneopts = "UT"
  revision = "3cb33d48d32d580a77d3712f2db2be1388a00cac"

[[projects]]
  branch = "master"
  digest = "1:85ceb7046447e3f5cf21c621ec137b23eb8d02ae9b585dd5c22d65543a0f3020"
  name = "github.com/xrash/smetrics"
  packages = ["."]
  pruneopts = "UT"
  revision = "a3153f7040e90324c58c6287535e26a0ac5c1cc1"

[[projects]]
  branch = "master"
  digest = "1:6ea7fd162cee43f40491685761414a4916a49523865b1a78088e3434b679bc34"
  name = "golang.org/x/image"
  packages = [
    "colornames",
    "draw",
    "font",
    "math/f64",
    "math/fixed",
  ]
  pruneopts = "UT"
  revision = "cd38e8056d9b27bb2f265effa37fb0ea6b8a7f0f"

[[projects]]
  branch = "master"
  digest = "1:1a1ecfa7b54ca3f7a0115ab5c578d7d6a5d8b605839c549e80260468c42f8be7"
  name = "golang.org/x/net"
  packages = [
    "html",
    "html/atom",
  ]
  pruneopts = "UT"
  revision = "adae6a3d119ae4890b46832a2e88a95adc62b8e7"

[[projects]]
  digest = "1:a62e80faf19c93dcbd7954a26fdb51acbfcb4b7161966adf1de531e593c4834a"
  name = "golang.org/x/sys"
  packages = ["unix"]
  pruneopts = "UT"
  revision = "93218def8b18e66adbdab3eca8ec334700329f1f"

[[projects]]
  digest = "1:8aebecf08fbcb288d879a0e21de4636389c2bc58ab45789a05d7f7e94577482f"
  name = "gopkg.in/AlecAivazis/survey.v1"
  packages = [
    ".",
    "core",
    "terminal",
  ]
  pruneopts = "UT"
  revision = "fb519f89e19299d852ffdd9b734af122d2dcbd30"
  version = "v1.7.0"

[solve-meta]
  analyzer-name = "dep"
  analyzer-version = 1
  input-imports = [
    "github.com/lucasb-eyer/go-colorful",
    "github.com/muesli/gamut",
    "golang.org/x/image/colornames",
    "gopkg.in/AlecAivazis/survey.v1",
  ]
  solver-name = "gps-cdcl"
  solver-version = 1
